// !$*UTF8*$!
{
	archiveVersion = 1;
	classes = {
	};
	objectVersion = 77;
	objects = {

/* Begin PBXBuildFile section */
		C2000000000000000000001D /* BillioWidget.appex in Embed App Extensions */ = {isa = PBXBuildFile; fileRef = C20000000000000000000011 /* BillioWidget.appex */; settings = {ATTRIBUTES = (CodeSignOnCopy, RemoveHeadersOnCopy, ); }; };
		C20000000000000000000021 /* Billio/Models/Bill.swift in Sources */ = {isa = PBXBuildFile; fileRef = C20000000000000000000001 /* Billio/Models/Bill.swift */; };
		C20000000000000000000022 /* Billio/Models/PaymentRecord.swift in Sources */ = {isa = PBXBuildFile; fileRef = C20000000000000000000002 /* Billio/Models/PaymentRecord.swift */; };
		C20000000000000000000023 /* Billio/Models/PaymentMethod.swift in Sources */ = {isa = PBXBuildFile; fileRef = C20000000000000000000003 /* Billio/Models/PaymentMethod.swift */; };
		C20000000000000000000024 /* Billio/Models/Currency.swift in Sources */ = {isa = PBXBuildFile; fileRef = C20000000000000000000004 /* Billio/Models/Currency.swift */; };
		C20000000000000000000025 /* Billio/Core/Extensions/Date+Billio.swift in Sources */ = {isa = PBXBuildFile; fileRef = C20000000000000000000005 /* Billio/Core/Extensions/Date+Billio.swift */; };
		C20000000000000000000026 /* Billio/Services/DataStoreFactory.swift in Sources */ = {isa = PBXBuildFile; fileRef = C20000000000000000000006 /* Billio/Services/DataStoreFactory.swift */; };
		C20000000000000000000027 /* Billio/Services/PaymentWorkflowService.swift in Sources */ = {isa = PBXBuildFile; fileRef = C20000000000000000000007 /* Billio/Services/PaymentWorkflowService.swift */; };
		C20000000000000000000028 /* Billio/Services/BillioSharedStore.swift in Sources */ = {isa = PBXBuildFile; fileRef = C20000000000000000000008 /* Billio/Services/BillioSharedStore.swift */; };
		C20000000000000000000029 /* Billio/Services/ExchangeRateProvider.swift in Sources */ = {isa = PBXBuildFile; fileRef = C20000000000000000000009 /* Billio/Services/ExchangeRateProvider.swift */; };
		C2000000000000000000002A /* Billio/SystemIntegration/BillioSystemData.swift in Sources */ = {isa = PBXBuildFile; fileRef = C2000000000000000000000A /* Billio/SystemIntegration/BillioSystemData.swift */; };
		C2000000000000000000002B /* Billio/SystemIntegration/BillioAppIntents.swift in Sources */ = {isa = PBXBuildFile; fileRef = C2000000000000000000000B /* Billio/SystemIntegration/BillioAppIntents.swift */; };
/* End PBXBuildFile section */

/* Begin PBXContainerItemProxy section */
		B10000000000000000000008 /* PBXContainerItemProxy */ = {
			isa = PBXContainerItemProxy;
			containerPortal = AD09B63A302A4E100009ED2C /* Project object */;
			proxyType = 1;
			remoteGlobalIDString = AD09B641302A4E100009ED2C;
			remoteInfo = Billio;
		};
		C2000000000000000000001A /* PBXContainerItemProxy */ = {
			isa = PBXContainerItemProxy;
			containerPortal = AD09B63A302A4E100009ED2C /* Project object */;
			proxyType = 1;
			remoteGlobalIDString = C20000000000000000000013;
			remoteInfo = BillioWidget;
		};
/* End PBXContainerItemProxy section */

/* Begin PBXCopyFilesBuildPhase section */
		C2000000000000000000001C /* Embed App Extensions */ = {
			isa = PBXCopyFilesBuildPhase;
			buildActionMask = 2147483647;
			dstPath = "";
			dstSubfolderSpec = 13;
			files = (
				C2000000000000000000001D /* BillioWidget.appex in Embed App Extensions */,
			);
			name = "Embed App Extensions";
			runOnlyForDeploymentPostprocessing = 0;
		};
/* End PBXCopyFilesBuildPhase section */

/* Begin PBXFileReference section */
		AD09B642302A4E100009ED2C /* Billio.app */ = {isa = PBXFileReference; explicitFileType = wrapper.application; includeInIndex = 0; path = Billio.app; sourceTree = BUILT_PRODUCTS_DIR; };
		B10000000000000000000001 /* BillioTests.xctest */ = {isa = PBXFileReference; explicitFileType = wrapper.cfbundle; includeInIndex = 0; path = BillioTests.xctest; sourceTree = BUILT_PRODUCTS_DIR; };
		C20000000000000000000001 /* Billio/Models/Bill.swift */ = {isa = PBXFileReference; lastKnownFileType = sourcecode.swift; path = Billio/Models/Bill.swift; sourceTree = SOURCE_ROOT; };
		C20000000000000000000002 /* Billio/Models/PaymentRecord.swift */ = {isa = PBXFileReference; lastKnownFileType = sourcecode.swift; path = Billio/Models/PaymentRecord.swift; sourceTree = SOURCE_ROOT; };
		C20000000000000000000003 /* Billio/Models/PaymentMethod.swift */ = {isa = PBXFileReference; lastKnownFileType = sourcecode.swift; path = Billio/Models/PaymentMethod.swift; sourceTree = SOURCE_ROOT; };
		C20000000000000000000004 /* Billio/Models/Currency.swift */ = {isa = PBXFileReference; lastKnownFileType = sourcecode.swift; path = Billio/Models/Currency.swift; sourceTree = SOURCE_ROOT; };
		C20000000000000000000005 /* Billio/Core/Extensions/Date+Billio.swift */ = {isa = PBXFileReference; lastKnownFileType = sourcecode.swift; path = "Billio/Core/Extensions/Date+Billio.swift"; sourceTree = SOURCE_ROOT; };
		C20000000000000000000006 /* Billio/Services/DataStoreFactory.swift */ = {isa = PBXFileReference; lastKnownFileType = sourcecode.swift; path = Billio/Services/DataStoreFactory.swift; sourceTree = SOURCE_ROOT; };
		C20000000000000000000007 /* Billio/Services/PaymentWorkflowService.swift */ = {isa = PBXFileReference; lastKnownFileType = sourcecode.swift; path = Billio/Services/PaymentWorkflowService.swift; sourceTree = SOURCE_ROOT; };
		C20000000000000000000008 /* Billio/Services/BillioSharedStore.swift */ = {isa = PBXFileReference; lastKnownFileType = sourcecode.swift; path = Billio/Services/BillioSharedStore.swift; sourceTree = SOURCE_ROOT; };
		C20000000000000000000009 /* Billio/Services/ExchangeRateProvider.swift */ = {isa = PBXFileReference; lastKnownFileType = sourcecode.swift; path = Billio/Services/ExchangeRateProvider.swift; sourceTree = SOURCE_ROOT; };
		C2000000000000000000000A /* Billio/SystemIntegration/BillioSystemData.swift */ = {isa = PBXFileReference; lastKnownFileType = sourcecode.swift; path = Billio/SystemIntegration/BillioSystemData.swift; sourceTree = SOURCE_ROOT; };
		C2000000000000000000000B /* Billio/SystemIntegration/BillioAppIntents.swift */ = {isa = PBXFileReference; lastKnownFileType = sourcecode.swift; path = Billio/SystemIntegration/BillioAppIntents.swift; sourceTree = SOURCE_ROOT; };
		C20000000000000000000011 /* BillioWidget.appex */ = {isa = PBXFileReference; explicitFileType = "wrapper.app-extension"; includeInIndex = 0; path = BillioWidget.appex; sourceTree = BUILT_PRODUCTS_DIR; };
/* End PBXFileReference section */

/* Begin PBXFileSystemSynchronizedBuildFileExceptionSet section */
		AD09B64F302A4E110009ED2C /* Exceptions for "Billio" folder in "Billio" target */ = {
			isa = PBXFileSystemSynchronizedBuildFileExceptionSet;
			membershipExceptions = (
				Info.plist,
			);
			target = AD09B641302A4E100009ED2C /* Billio */;
		};
		C20000000000000000000012 /* Exceptions for "BillioWidget" folder in "BillioWidget" target */ = {
			isa = PBXFileSystemSynchronizedBuildFileExceptionSet;
			membershipExceptions = (
				Info.plist,
			);
			target = C20000000000000000000013 /* BillioWidget */;
		};
/* End PBXFileSystemSynchronizedBuildFileExceptionSet section */

/* Begin PBXFileSystemSynchronizedRootGroup section */
		AD09B644302A4E100009ED2C /* Billio */ = {
			isa = PBXFileSystemSynchronizedRootGroup;
			exceptions = (
				AD09B64F302A4E110009ED2C /* Exceptions for "Billio" folder in "Billio" target */,
			);
			path = Billio;
			sourceTree = "<group>";
		};
		B10000000000000000000002 /* BillioTests */ = {
			isa = PBXFileSystemSynchronizedRootGroup;
			path = BillioTests;
			sourceTree = "<group>";
		};
		C20000000000000000000010 /* BillioWidget */ = {
			isa = PBXFileSystemSynchronizedRootGroup;
			exceptions = (
				C20000000000000000000012 /* Exceptions for "BillioWidget" folder in "BillioWidget" target */,
			);
			path = BillioWidget;
			sourceTree = "<group>";
		};
/* End PBXFileSystemSynchronizedRootGroup section */

/* Begin PBXFrameworksBuildPhase section */
		AD09B63F302A4E100009ED2C /* Frameworks */ = {
			isa = PBXFrameworksBuildPhase;
			buildActionMask = 2147483647;
			files = (
			);
			runOnlyForDeploymentPostprocessing = 0;
		};
		B10000000000000000000005 /* Frameworks */ = {
			isa = PBXFrameworksBuildPhase;
			buildActionMask = 2147483647;
			files = (
			);
			runOnlyForDeploymentPostprocessing = 0;
		};
		C20000000000000000000015 /* Frameworks */ = {
			isa = PBXFrameworksBuildPhase;
			buildActionMask = 2147483647;
			files = (
			);
			runOnlyForDeploymentPostprocessing = 0;
		};
/* End PBXFrameworksBuildPhase section */

/* Begin PBXGroup section */
		AD09B639302A4E100009ED2C = {
			isa = PBXGroup;
			children = (
				AD09B644302A4E100009ED2C /* Billio */,
				C20000000000000000000010 /* BillioWidget */,
				C20000000000000000000020 /* Widget Shared Sources */,
				B10000000000000000000002 /* BillioTests */,
				AD09B643302A4E100009ED2C /* Products */,
			);
			sourceTree = "<group>";
		};
		AD09B643302A4E100009ED2C /* Products */ = {
			isa = PBXGroup;
			children = (
				AD09B642302A4E100009ED2C /* Billio.app */,
				C20000000000000000000011 /* BillioWidget.appex */,
				B10000000000000000000001 /* BillioTests.xctest */,
			);
			name = Products;
			sourceTree = "<group>";
		};
		C20000000000000000000020 /* Widget Shared Sources */ = {
			isa = PBXGroup;
			children = (
				C20000000000000000000001 /* Billio/Models/Bill.swift */,
				C20000000000000000000002 /* Billio/Models/PaymentRecord.swift */,
				C20000000000000000000003 /* Billio/Models/PaymentMethod.swift */,
				C20000000000000000000004 /* Billio/Models/Currency.swift */,
				C20000000000000000000005 /* Billio/Core/Extensions/Date+Billio.swift */,
				C20000000000000000000006 /* Billio/Services/DataStoreFactory.swift */,
				C20000000000000000000007 /* Billio/Services/PaymentWorkflowService.swift */,
				C20000000000000000000008 /* Billio/Services/BillioSharedStore.swift */,
				C20000000000000000000009 /* Billio/Services/ExchangeRateProvider.swift */,
				C2000000000000000000000A /* Billio/SystemIntegration/BillioSystemData.swift */,
				C2000000000000000000000B /* Billio/SystemIntegration/BillioAppIntents.swift */,
			);
			name = "Widget Shared Sources";
			sourceTree = "<group>";
		};
/* End PBXGroup section */

/* Begin PBXNativeTarget section */
		AD09B641302A4E100009ED2C /* Billio */ = {
			isa = PBXNativeTarget;
			buildConfigurationList = AD09B650302A4E110009ED2C /* Build configuration list for PBXNativeTarget "Billio" */;
			buildPhases = (
				AD09B63E302A4E100009ED2C /* Sources */,
				AD09B63F302A4E100009ED2C /* Frameworks */,
				AD09B640302A4E100009ED2C /* Resources */,
				C2000000000000000000001C /* Embed App Extensions */,
			);
			buildRules = (
			);
			dependencies = (
				C2000000000000000000001B /* PBXTargetDependency */,
			);
			fileSystemSynchronizedGroups = (
				AD09B644302A4E100009ED2C /* Billio */,
			);
			name = Billio;
			packageProductDependencies = (
			);
			productName = Billio;
			productReference = AD09B642302A4E100009ED2C /* Billio.app */;
			productType = "com.apple.product-type.application";
		};
		B10000000000000000000003 /* BillioTests */ = {
			isa = PBXNativeTarget;
			buildConfigurationList = B10000000000000000000009 /* Build configuration list for PBXNativeTarget "BillioTests" */;
			buildPhases = (
				B10000000000000000000004 /* Sources */,
				B10000000000000000000005 /* Frameworks */,
				B10000000000000000000006 /* Resources */,
			);
			buildRules = (
			);
			dependencies = (
				B10000000000000000000007 /* PBXTargetDependency */,
			);
			fileSystemSynchronizedGroups = (
				B10000000000000000000002 /* BillioTests */,
			);
			name = BillioTests;
			packageProductDependencies = (
			);
			productName = BillioTests;
			productReference = B10000000000000000000001 /* BillioTests.xctest */;
			productType = "com.apple.product-type.bundle.unit-test";
		};
		C20000000000000000000013 /* BillioWidget */ = {
			isa = PBXNativeTarget;
			buildConfigurationList = C20000000000000000000017 /* Build configuration list for PBXNativeTarget "BillioWidget" */;
			buildPhases = (
				C20000000000000000000014 /* Sources */,
				C20000000000000000000015 /* Frameworks */,
				C20000000000000000000016 /* Resources */,
			);
			buildRules = (
			);
			dependencies = (
			);
			fileSystemSynchronizedGroups = (
				C20000000000000000000010 /* BillioWidget */,
			);
			name = BillioWidget;
			packageProductDependencies = (
			);
			productName = BillioWidget;
			productReference = C20000000000000000000011 /* BillioWidget.appex */;
			productType = "com.apple.product-type.app-extension";
		};
/* End PBXNativeTarget section */

/* Begin PBXProject section */
		AD09B63A302A4E100009ED2C /* Project object */ = {
			isa = PBXProject;
			attributes = {
				BuildIndependentTargetsInParallel = 1;
				LastSwiftUpdateCheck = 2660;
				LastUpgradeCheck = 2660;
				TargetAttributes = {
					AD09B641302A4E100009ED2C = {
						CreatedOnToolsVersion = 26.6;
					};
					B10000000000000000000003 = {
						CreatedOnToolsVersion = 26.6;
						TestTargetID = AD09B641302A4E100009ED2C;
					};
					C20000000000000000000013 = {
						CreatedOnToolsVersion = 26.6;
					};
				};
			};
			buildConfigurationList = AD09B63D302A4E100009ED2C /* Build configuration list for PBXProject "Billio" */;
			developmentRegion = en;
			hasScannedForEncodings = 0;
			knownRegions = (
				en,
				Base,
			);
			mainGroup = AD09B639302A4E100009ED2C;
			minimizedProjectReferenceProxies = 1;
			preferredProjectObjectVersion = 77;
			productRefGroup = AD09B643302A4E100009ED2C /* Products */;
			projectDirPath = "";
			projectRoot = "";
			targets = (
				AD09B641302A4E100009ED2C /* Billio */,
				C20000000000000000000013 /* BillioWidget */,
				B10000000000000000000003 /* BillioTests */,
			);
		};
/* End PBXProject section */

/* Begin PBXResourcesBuildPhase section */
		AD09B640302A4E100009ED2C /* Resources */ = {
			isa = PBXResourcesBuildPhase;
			buildActionMask = 2147483647;
			files = (
			);
			runOnlyForDeploymentPostprocessing = 0;
		};
		B10000000000000000000006 /* Resources */ = {
			isa = PBXResourcesBuildPhase;
			buildActionMask = 2147483647;
			files = (
			);
			runOnlyForDeploymentPostprocessing = 0;
		};
		C20000000000000000000016 /* Resources */ = {
			isa = PBXResourcesBuildPhase;
			buildActionMask = 2147483647;
			files = (
			);
			runOnlyForDeploymentPostprocessing = 0;
		};
/* End PBXResourcesBuildPhase section */

/* Begin PBXSourcesBuildPhase section */
		AD09B63E302A4E100009ED2C /* Sources */ = {
			isa = PBXSourcesBuildPhase;
			buildActionMask = 2147483647;
			files = (
			);
			runOnlyForDeploymentPostprocessing = 0;
		};
		B10000000000000000000004 /* Sources */ = {
			isa = PBXSourcesBuildPhase;
			buildActionMask = 2147483647;
			files = (
			);
			runOnlyForDeploymentPostprocessing = 0;
		};
		C20000000000000000000014 /* Sources */ = {
			isa = PBXSourcesBuildPhase;
			buildActionMask = 2147483647;
			files = (
				C20000000000000000000021 /* Billio/Models/Bill.swift in Sources */,
				C20000000000000000000022 /* Billio/Models/PaymentRecord.swift in Sources */,
				C20000000000000000000023 /* Billio/Models/PaymentMethod.swift in Sources */,
				C20000000000000000000024 /* Billio/Models/Currency.swift in Sources */,
				C20000000000000000000025 /* Billio/Core/Extensions/Date+Billio.swift in Sources */,
				C20000000000000000000026 /* Billio/Services/DataStoreFactory.swift in Sources */,
				C20000000000000000000027 /* Billio/Services/PaymentWorkflowService.swift in Sources */,
				C20000000000000000000028 /* Billio/Services/BillioSharedStore.swift in Sources */,
				C20000000000000000000029 /* Billio/Services/ExchangeRateProvider.swift in Sources */,
				C2000000000000000000002A /* Billio/SystemIntegration/BillioSystemData.swift in Sources */,
				C2000000000000000000002B /* Billio/SystemIntegration/BillioAppIntents.swift in Sources */,
			);
			runOnlyForDeploymentPostprocessing = 0;
		};
/* End PBXSourcesBuildPhase section */

/* Begin PBXTargetDependency section */
		B10000000000000000000007 /* PBXTargetDependency */ = {
			isa = PBXTargetDependency;
			target = AD09B641302A4E100009ED2C /* Billio */;
			targetProxy = B10000000000000000000008 /* PBXContainerItemProxy */;
		};
		C2000000000000000000001B /* PBXTargetDependency */ = {
			isa = PBXTargetDependency;
			target = C20000000000000000000013 /* BillioWidget */;
			targetProxy = C2000000000000000000001A /* PBXContainerItemProxy */;
		};
/* End PBXTargetDependency section */

/* Begin XCBuildConfiguration section */
		AD09B651302A4E110009ED2C /* Debug */ = {
			isa = XCBuildConfiguration;
			buildSettings = {
				ASSETCATALOG_COMPILER_APPICON_NAME = AppIcon;
				ASSETCATALOG_COMPILER_GLOBAL_ACCENT_COLOR_NAME = AccentColor;
				CODE_SIGN_ENTITLEMENTS = Billio/Billio.entitlements;
				CODE_SIGN_STYLE = Automatic;
				CURRENT_PROJECT_VERSION = 1;
				DEVELOPMENT_TEAM = 3PS7QR8L7W;
				ENABLE_PREVIEWS = YES;
				GENERATE_INFOPLIST_FILE = YES;
				INFOPLIST_FILE = Billio/Info.plist;
				INFOPLIST_KEY_CFBundleDisplayName = Billio;
				INFOPLIST_KEY_UIApplicationSceneManifest_Generation = YES;
				INFOPLIST_KEY_UIApplicationSupportsIndirectInputEvents = YES;
				INFOPLIST_KEY_UILaunchScreen_Generation = YES;
				INFOPLIST_KEY_UISupportedInterfaceOrientations_iPad = "UIInterfaceOrientationPortrait UIInterfaceOrientationPortraitUpsideDown";
				INFOPLIST_KEY_UISupportedInterfaceOrientations_iPhone = UIInterfaceOrientationPortrait;
				IPHONEOS_DEPLOYMENT_TARGET = 17.0;
				LD_RUNPATH_SEARCH_PATHS = (
					"$(inherited)",
					"@executable_path/Frameworks",
				);
				MARKETING_VERSION = 1.0;
				PRODUCT_BUNDLE_IDENTIFIER = JIANGJINGZHE.Billio;
				PRODUCT_NAME = "$(TARGET_NAME)";
				STRING_CATALOG_GENERATE_SYMBOLS = YES;
				SWIFT_APPROACHABLE_CONCURRENCY = YES;
				SWIFT_DEFAULT_ACTOR_ISOLATION = MainActor;
				SWIFT_EMIT_LOC_STRINGS = YES;
				SWIFT_UPCOMING_FEATURE_MEMBER_IMPORT_VISIBILITY = YES;
				SWIFT_VERSION = 5.0;
				TARGETED_DEVICE_FAMILY = "1,2";
			};
			name = Debug;
		};
		AD09B652302A4E110009ED2C /* Release */ = {
			isa = XCBuildConfiguration;
			buildSettings = {
				ASSETCATALOG_COMPILER_APPICON_NAME = AppIcon;
				ASSETCATALOG_COMPILER_GLOBAL_ACCENT_COLOR_NAME = AccentColor;
				CODE_SIGN_ENTITLEMENTS = Billio/Billio.entitlements;
				CODE_SIGN_STYLE = Automatic;
				CURRENT_PROJECT_VERSION = 1;
				DEVELOPMENT_TEAM = 3PS7QR8L7W;
				ENABLE_PREVIEWS = YES;
				GENERATE_INFOPLIST_FILE = YES;
				INFOPLIST_FILE = Billio/Info.plist;
				INFOPLIST_KEY_CFBundleDisplayName = Billio;
				INFOPLIST_KEY_UIApplicationSceneManifest_Generation = YES;
				INFOPLIST_KEY_UIApplicationSupportsIndirectInputEvents = YES;
				INFOPLIST_KEY_UILaunchScreen_Generation = YES;
				INFOPLIST_KEY_UISupportedInterfaceOrientations_iPad = "UIInterfaceOrientationPortrait UIInterfaceOrientationPortraitUpsideDown";
				INFOPLIST_KEY_UISupportedInterfaceOrientations_iPhone = UIInterfaceOrientationPortrait;
				IPHONEOS_DEPLOYMENT_TARGET = 17.0;
				LD_RUNPATH_SEARCH_PATHS = (
					"$(inherited)",
					"@executable_path/Frameworks",
				);
				MARKETING_VERSION = 1.0;
				PRODUCT_BUNDLE_IDENTIFIER = JIANGJINGZHE.Billio;
				PRODUCT_NAME = "$(TARGET_NAME)";
				STRING_CATALOG_GENERATE_SYMBOLS = YES;
				SWIFT_APPROACHABLE_CONCURRENCY = YES;
				SWIFT_DEFAULT_ACTOR_ISOLATION = MainActor;
				SWIFT_EMIT_LOC_STRINGS = YES;
				SWIFT_UPCOMING_FEATURE_MEMBER_IMPORT_VISIBILITY = YES;
				SWIFT_VERSION = 5.0;
				TARGETED_DEVICE_FAMILY = "1,2";
			};
			name = Release;
		};
		AD09B653302A4E110009ED2C /* Debug */ = {
			isa = XCBuildConfiguration;
			buildSettings = {
				ALWAYS_SEARCH_USER_PATHS = NO;
				ASSETCATALOG_COMPILER_GENERATE_SWIFT_ASSET_SYMBOL_EXTENSIONS = YES;
				CLANG_ANALYZER_NONNULL = YES;
				CLANG_ANALYZER_NUMBER_OBJECT_CONVERSION = YES_AGGRESSIVE;
				CLANG_CXX_LANGUAGE_STANDARD = "gnu++20";
				CLANG_ENABLE_MODULES = YES;
				CLANG_ENABLE_OBJC_ARC = YES;
				CLANG_ENABLE_OBJC_WEAK = YES;
				CLANG_WARN_BLOCK_CAPTURE_AUTORELEASING = YES;
				CLANG_WARN_BOOL_CONVERSION = YES;
				CLANG_WARN_COMMA = YES;
				CLANG_WARN_CONSTANT_CONVERSION = YES;
				CLANG_WARN_DEPRECATED_OBJC_IMPLEMENTATIONS = YES;
				CLANG_WARN_DIRECT_OBJC_ISA_USAGE = YES_ERROR;
				CLANG_WARN_DOCUMENTATION_COMMENTS = YES;
				CLANG_WARN_EMPTY_BODY = YES;
				CLANG_WARN_ENUM_CONVERSION = YES;
				CLANG_WARN_INFINITE_RECURSION = YES;
				CLANG_WARN_INT_CONVERSION = YES;
				CLANG_WARN_NON_LITERAL_NULL_CONVERSION = YES;
				CLANG_WARN_OBJC_IMPLICIT_RETAIN_SELF = YES;
				CLANG_WARN_OBJC_LITERAL_CONVERSION = YES;
				CLANG_WARN_OBJC_ROOT_CLASS = YES_ERROR;
				CLANG_WARN_QUOTED_INCLUDE_IN_FRAMEWORK_HEADER = YES;
				CLANG_WARN_RANGE_LOOP_ANALYSIS = YES;
				CLANG_WARN_STRICT_PROTOTYPES = YES;
				CLANG_WARN_SUSPICIOUS_MOVE = YES;
				CLANG_WARN_UNGUARDED_AVAILABILITY = YES_AGGRESSIVE;
				CLANG_WARN_UNREACHABLE_CODE = YES;
				CLANG_WARN__DUPLICATE_METHOD_MATCH = YES;
				COPY_PHASE_STRIP = NO;
				DEBUG_INFORMATION_FORMAT = dwarf;
				DEVELOPMENT_TEAM = 3PS7QR8L7W;
				ENABLE_STRICT_OBJC_MSGSEND = YES;
				ENABLE_TESTABILITY = YES;
				ENABLE_USER_SCRIPT_SANDBOXING = YES;
				GCC_C_LANGUAGE_STANDARD = gnu17;
				GCC_DYNAMIC_NO_PIC = NO;
				GCC_NO_COMMON_BLOCKS = YES;
				GCC_OPTIMIZATION_LEVEL = 0;
				GCC_PREPROCESSOR_DEFINITIONS = (
					"DEBUG=1",
					"$(inherited)",
				);
				GCC_WARN_64_TO_32_BIT_CONVERSION = YES;
				GCC_WARN_ABOUT_RETURN_TYPE = YES_ERROR;
				GCC_WARN_UNDECLARED_SELECTOR = YES;
				GCC_WARN_UNINITIALIZED_AUTOS = YES_AGGRESSIVE;
				GCC_WARN_UNUSED_FUNCTION = YES;
				GCC_WARN_UNUSED_VARIABLE = YES;
				IPHONEOS_DEPLOYMENT_TARGET = 17.0;
				LOCALIZATION_PREFERS_STRING_CATALOGS = YES;
				MTL_ENABLE_DEBUG_INFO = INCLUDE_SOURCE;
				MTL_FAST_MATH = YES;
				ONLY_ACTIVE_ARCH = YES;
				SDKROOT = iphoneos;
				SWIFT_ACTIVE_COMPILATION_CONDITIONS = "DEBUG $(inherited)";
				SWIFT_OPTIMIZATION_LEVEL = "-Onone";
			};
			name = Debug;
		};
		AD09B654302A4E110009ED2C /* Release */ = {
			isa = XCBuildConfiguration;
			buildSettings = {
				ALWAYS_SEARCH_USER_PATHS = NO;
				ASSETCATALOG_COMPILER_GENERATE_SWIFT_ASSET_SYMBOL_EXTENSIONS = YES;
				CLANG_ANALYZER_NONNULL = YES;
				CLANG_ANALYZER_NUMBER_OBJECT_CONVERSION = YES_AGGRESSIVE;
				CLANG_CXX_LANGUAGE_STANDARD = "gnu++20";
				CLANG_ENABLE_MODULES = YES;
				CLANG_ENABLE_OBJC_ARC = YES;
				CLANG_ENABLE_OBJC_WEAK = YES;
				CLANG_WARN_BLOCK_CAPTURE_AUTORELEASING = YES;
				CLANG_WARN_BOOL_CONVERSION = YES;
				CLANG_WARN_COMMA = YES;
				CLANG_WARN_CONSTANT_CONVERSION = YES;
				CLANG_WARN_DEPRECATED_OBJC_IMPLEMENTATIONS = YES;
				CLANG_WARN_DIRECT_OBJC_ISA_USAGE = YES_ERROR;
				CLANG_WARN_DOCUMENTATION_COMMENTS = YES;
				CLANG_WARN_EMPTY_BODY = YES;
				CLANG_WARN_ENUM_CONVERSION = YES;
				CLANG_WARN_INFINITE_RECURSION = YES;
				CLANG_WARN_INT_CONVERSION = YES;
				CLANG_WARN_NON_LITERAL_NULL_CONVERSION = YES;
				CLANG_WARN_OBJC_IMPLICIT_RETAIN_SELF = YES;
				CLANG_WARN_OBJC_LITERAL_CONVERSION = YES;
				CLANG_WARN_OBJC_ROOT_CLASS = YES_ERROR;
				CLANG_WARN_QUOTED_INCLUDE_IN_FRAMEWORK_HEADER = YES;
				CLANG_WARN_RANGE_LOOP_ANALYSIS = YES;
				CLANG_WARN_STRICT_PROTOTYPES = YES;
				CLANG_WARN_SUSPICIOUS_MOVE = YES;
				CLANG_WARN_UNGUARDED_AVAILABILITY = YES_AGGRESSIVE;
				CLANG_WARN_UNREACHABLE_CODE = YES;
				CLANG_WARN__DUPLICATE_METHOD_MATCH = YES;
				COPY_PHASE_STRIP = NO;
				DEBUG_INFORMATION_FORMAT = "dwarf-with-dsym";
				DEVELOPMENT_TEAM = 3PS7QR8L7W;
				ENABLE_NS_ASSERTIONS = NO;
				ENABLE_STRICT_OBJC_MSGSEND = YES;
				ENABLE_USER_SCRIPT_SANDBOXING = YES;
				GCC_C_LANGUAGE_STANDARD = gnu17;
				GCC_NO_COMMON_BLOCKS = YES;
				GCC_WARN_64_TO_32_BIT_CONVERSION = YES;
				GCC_WARN_ABOUT_RETURN_TYPE = YES_ERROR;
				GCC_WARN_UNDECLARED_SELECTOR = YES;
				GCC_WARN_UNINITIALIZED_AUTOS = YES_AGGRESSIVE;
				GCC_WARN_UNUSED_FUNCTION = YES;
				GCC_WARN_UNUSED_VARIABLE = YES;
				IPHONEOS_DEPLOYMENT_TARGET = 17.0;
				LOCALIZATION_PREFERS_STRING_CATALOGS = YES;
				MTL_ENABLE_DEBUG_INFO = NO;
				MTL_FAST_MATH = YES;
				SDKROOT = iphoneos;
				SWIFT_COMPILATION_MODE = wholemodule;
				VALIDATE_PRODUCT = YES;
			};
			name = Release;
		};
		B1000000000000000000000A /* Debug */ = {
			isa = XCBuildConfiguration;
			buildSettings = {
				BUNDLE_LOADER = "$(TEST_HOST)";
				CODE_SIGN_STYLE = Automatic;
				CURRENT_PROJECT_VERSION = 1;
				DEVELOPMENT_TEAM = 3PS7QR8L7W;
				GENERATE_INFOPLIST_FILE = YES;
				IPHONEOS_DEPLOYMENT_TARGET = 17.0;
				MARKETING_VERSION = 1.0;
				PRODUCT_BUNDLE_IDENTIFIER = JIANGJINGZHE.BillioTests;
				PRODUCT_NAME = "$(TARGET_NAME)";
				SDKROOT = iphoneos;
				SWIFT_DEFAULT_ACTOR_ISOLATION = MainActor;
				SWIFT_VERSION = 5.0;
				TARGETED_DEVICE_FAMILY = "1,2";
				TEST_HOST = "$(BUILT_PRODUCTS_DIR)/Billio.app/$(BUNDLE_EXECUTABLE_FOLDER_PATH)/Billio";
			};
			name = Debug;
		};
		B1000000000000000000000B /* Release */ = {
			isa = XCBuildConfiguration;
			buildSettings = {
				BUNDLE_LOADER = "$(TEST_HOST)";
				CODE_SIGN_STYLE = Automatic;
				CURRENT_PROJECT_VERSION = 1;
				DEVELOPMENT_TEAM = 3PS7QR8L7W;
				GENERATE_INFOPLIST_FILE = YES;
				IPHONEOS_DEPLOYMENT_TARGET = 17.0;
				MARKETING_VERSION = 1.0;
				PRODUCT_BUNDLE_IDENTIFIER = JIANGJINGZHE.BillioTests;
				PRODUCT_NAME = "$(TARGET_NAME)";
				SDKROOT = iphoneos;
				SWIFT_DEFAULT_ACTOR_ISOLATION = MainActor;
				SWIFT_VERSION = 5.0;
				TARGETED_DEVICE_FAMILY = "1,2";
				TEST_HOST = "$(BUILT_PRODUCTS_DIR)/Billio.app/$(BUNDLE_EXECUTABLE_FOLDER_PATH)/Billio";
			};
			name = Release;
		};
		C20000000000000000000018 /* Debug */ = {
			isa = XCBuildConfiguration;
			buildSettings = {
				APPLICATION_EXTENSION_API_ONLY = YES;
				CODE_SIGN_ENTITLEMENTS = BillioWidget/BillioWidget.entitlements;
				CODE_SIGN_STYLE = Automatic;
				CURRENT_PROJECT_VERSION = 1;
				DEVELOPMENT_TEAM = 3PS7QR8L7W;
				GENERATE_INFOPLIST_FILE = YES;
				INFOPLIST_FILE = BillioWidget/Info.plist;
				INFOPLIST_KEY_CFBundleDisplayName = "Billio Widgets";
				IPHONEOS_DEPLOYMENT_TARGET = 17.0;
				LD_RUNPATH_SEARCH_PATHS = (
					"$(inherited)",
					"@executable_path/../../Frameworks",
				);
				MARKETING_VERSION = 1.0;
				PRODUCT_BUNDLE_IDENTIFIER = JIANGJINGZHE.Billio.Widgets;
				PRODUCT_NAME = "$(TARGET_NAME)";
				SKIP_INSTALL = YES;
				SWIFT_ACTIVE_COMPILATION_CONDITIONS = "DEBUG $(inherited) WIDGET_EXTENSION";
				SWIFT_DEFAULT_ACTOR_ISOLATION = MainActor;
				SWIFT_EMIT_LOC_STRINGS = YES;
				SWIFT_VERSION = 5.0;
				TARGETED_DEVICE_FAMILY = "1,2";
			};
			name = Debug;
		};
		C20000000000000000000019 /* Release */ = {
			isa = XCBuildConfiguration;
			buildSettings = {
				APPLICATION_EXTENSION_API_ONLY = YES;
				CODE_SIGN_ENTITLEMENTS = BillioWidget/BillioWidget.entitlements;
				CODE_SIGN_STYLE = Automatic;
				CURRENT_PROJECT_VERSION = 1;
				DEVELOPMENT_TEAM = 3PS7QR8L7W;
				GENERATE_INFOPLIST_FILE = YES;
				INFOPLIST_FILE = BillioWidget/Info.plist;
				INFOPLIST_KEY_CFBundleDisplayName = "Billio Widgets";
				IPHONEOS_DEPLOYMENT_TARGET = 17.0;
				LD_RUNPATH_SEARCH_PATHS = (
					"$(inherited)",
					"@executable_path/../../Frameworks",
				);
				MARKETING_VERSION = 1.0;
				PRODUCT_BUNDLE_IDENTIFIER = JIANGJINGZHE.Billio.Widgets;
				PRODUCT_NAME = "$(TARGET_NAME)";
				SKIP_INSTALL = YES;
				SWIFT_ACTIVE_COMPILATION_CONDITIONS = "$(inherited) WIDGET_EXTENSION";
				SWIFT_DEFAULT_ACTOR_ISOLATION = MainActor;
				SWIFT_EMIT_LOC_STRINGS = YES;
				SWIFT_VERSION = 5.0;
				TARGETED_DEVICE_FAMILY = "1,2";
			};
			name = Release;
		};
/* End XCBuildConfiguration section */

/* Begin XCConfigurationList section */
		AD09B63D302A4E100009ED2C /* Build configuration list for PBXProject "Billio" */ = {
			isa = XCConfigurationList;
			buildConfigurations = (
				AD09B653302A4E110009ED2C /* Debug */,
				AD09B654302A4E110009ED2C /* Release */,
			);
			defaultConfigurationIsVisible = 0;
			defaultConfigurationName = Release;
		};
		AD09B650302A4E110009ED2C /* Build configuration list for PBXNativeTarget "Billio" */ = {
			isa = XCConfigurationList;
			buildConfigurations = (
				AD09B651302A4E110009ED2C /* Debug */,
				AD09B652302A4E110009ED2C /* Release */,
			);
			defaultConfigurationIsVisible = 0;
			defaultConfigurationName = Release;
		};
		B10000000000000000000009 /* Build configuration list for PBXNativeTarget "BillioTests" */ = {
			isa = XCConfigurationList;
			buildConfigurations = (
				B1000000000000000000000A /* Debug */,
				B1000000000000000000000B /* Release */,
			);
			defaultConfigurationIsVisible = 0;
			defaultConfigurationName = Release;
		};
		C20000000000000000000017 /* Build configuration list for PBXNativeTarget "BillioWidget" */ = {
			isa = XCConfigurationList;
			buildConfigurations = (
				C20000000000000000000018 /* Debug */,
				C20000000000000000000019 /* Release */,
			);
			defaultConfigurationIsVisible = 0;
			defaultConfigurationName = Release;
		};
/* End XCConfigurationList section */
	};
	rootObject = AD09B63A302A4E100009ED2C /* Project object */;
}
